
Microsoft Visual Studio Solution File, Format Version 12.00
# Visual Studio Version 17
VisualStudioVersion = 17.2.32630.192
MinimumVisualStudioVersion = 10.0.40219.1
Project("{FAE04EC0-301F-11D3-BF4B-00C04F79EFBC}") = "InputToIntConvertor", "InputToIntConvertor\InputToIntConvertor.csproj", "{1B914D17-3056-4FC8-8F52-498FF4AF1563}"
EndProject
Global
	GlobalSection(SolutionConfigurationPlatforms) = preSolution
		Debug|Any CPU = Debug|Any CPU
		Release|Any CPU = Release|Any CPU
	EndGlobalSection
	GlobalSection(ProjectConfigurationPlatforms) = postSolution
		{1B914D17-3056-4FC8-8F52-498FF4AF1563}.Debug|Any CPU.ActiveCfg = Debug|Any CPU
		{1B914D17-3056-4FC8-8F52-498FF4AF1563}.Debug|Any CPU.Build.0 = Debug|Any CPU
		{1B914D17-3056-4FC8-8F52-498FF4AF1563}.Release|Any CPU.ActiveCfg = Release|Any CPU
		{1B914D17-3056-4FC8-8F52-498FF4AF1563}.Release|Any CPU.Build.0 = Release|Any CPU
	EndGlobalSection
	GlobalSection(SolutionProperties) = preSolution
		HideSolutionNode = FALSE
	EndGlobalSection
	GlobalSection(ExtensibilityGlobals) = postSolution
		SolutionGuid = {48A3A96A-2628-4F8C-A354-83964FDDB408}
	EndGlobalSection
EndGlobal
