
Microsoft Visual Studio Solution File, Format Version 12.00
# Visual Studio Version 17
VisualStudioVersion = 17.2.32630.192
MinimumVisualStudioVersion = 10.0.40219.1
Project("{FAE04EC0-301F-11D3-BF4B-00C04F79EFBC}") = "Shop", "Shop\Shop.csproj", "{27097832-5215-498D-92DB-605844A00E2D}"
EndProject
Global
	GlobalSection(SolutionConfigurationPlatforms) = preSolution
		Debug|Any CPU = Debug|Any CPU
		Release|Any CPU = Release|Any CPU
	EndGlobalSection
	GlobalSection(ProjectConfigurationPlatforms) = postSolution
		{27097832-5215-498D-92DB-605844A00E2D}.Debug|Any CPU.ActiveCfg = Debug|Any CPU
		{27097832-5215-498D-92DB-605844A00E2D}.Debug|Any CPU.Build.0 = Debug|Any CPU
		{27097832-5215-498D-92DB-605844A00E2D}.Release|Any CPU.ActiveCfg = Release|Any CPU
		{27097832-5215-498D-92DB-605844A00E2D}.Release|Any CPU.Build.0 = Release|Any CPU
	EndGlobalSection
	GlobalSection(SolutionProperties) = preSolution
		HideSolutionNode = FALSE
	EndGlobalSection
	GlobalSection(ExtensibilityGlobals) = postSolution
		SolutionGuid = {D982FFB6-F91C-4BB8-A950-850C4FFAD9B8}
	EndGlobalSection
EndGlobal
