
Microsoft Visual Studio Solution File, Format Version 12.00
# Visual Studio Version 17
VisualStudioVersion = 17.2.32630.192
MinimumVisualStudioVersion = 10.0.40219.1
Project("{FAE04EC0-301F-11D3-BF4B-00C04F79EFBC}") = "UserInputRepeating", "UserInputRepeating\UserInputRepeating.csproj", "{73EE4B66-AF84-45A5-8473-85BC5110440C}"
EndProject
Global
	GlobalSection(SolutionConfigurationPlatforms) = preSolution
		Debug|Any CPU = Debug|Any CPU
		Release|Any CPU = Release|Any CPU
	EndGlobalSection
	GlobalSection(ProjectConfigurationPlatforms) = postSolution
		{73EE4B66-AF84-45A5-8473-85BC5110440C}.Debug|Any CPU.ActiveCfg = Debug|Any CPU
		{73EE4B66-AF84-45A5-8473-85BC5110440C}.Debug|Any CPU.Build.0 = Debug|Any CPU
		{73EE4B66-AF84-45A5-8473-85BC5110440C}.Release|Any CPU.ActiveCfg = Release|Any CPU
		{73EE4B66-AF84-45A5-8473-85BC5110440C}.Release|Any CPU.Build.0 = Release|Any CPU
	EndGlobalSection
	GlobalSection(SolutionProperties) = preSolution
		HideSolutionNode = FALSE
	EndGlobalSection
	GlobalSection(ExtensibilityGlobals) = postSolution
		SolutionGuid = {1E2327B7-B4DB-4D73-888A-D28DFF637E47}
	EndGlobalSection
EndGlobal
