
Microsoft Visual Studio Solution File, Format Version 12.00
# Visual Studio Version 17
VisualStudioVersion = 17.2.32630.192
MinimumVisualStudioVersion = 10.0.40219.1
Project("{FAE04EC0-301F-11D3-BF4B-00C04F79EFBC}") = "BoxingClub", "BoxingClub\BoxingClub.csproj", "{93FDE446-CBE6-4E6F-AD8F-E7EE95696A21}"
EndProject
Global
	GlobalSection(SolutionConfigurationPlatforms) = preSolution
		Debug|Any CPU = Debug|Any CPU
		Release|Any CPU = Release|Any CPU
	EndGlobalSection
	GlobalSection(ProjectConfigurationPlatforms) = postSolution
		{93FDE446-CBE6-4E6F-AD8F-E7EE95696A21}.Debug|Any CPU.ActiveCfg = Debug|Any CPU
		{93FDE446-CBE6-4E6F-AD8F-E7EE95696A21}.Debug|Any CPU.Build.0 = Debug|Any CPU
		{93FDE446-CBE6-4E6F-AD8F-E7EE95696A21}.Release|Any CPU.ActiveCfg = Release|Any CPU
		{93FDE446-CBE6-4E6F-AD8F-E7EE95696A21}.Release|Any CPU.Build.0 = Release|Any CPU
	EndGlobalSection
	GlobalSection(SolutionProperties) = preSolution
		HideSolutionNode = FALSE
	EndGlobalSection
	GlobalSection(ExtensibilityGlobals) = postSolution
		SolutionGuid = {D8851271-3D99-4129-86B7-5C85971996E2}
	EndGlobalSection
EndGlobal
