
Microsoft Visual Studio Solution File, Format Version 12.00
# Visual Studio Version 17
VisualStudioVersion = 17.2.32630.192
MinimumVisualStudioVersion = 10.0.40219.1
Project("{FAE04EC0-301F-11D3-BF4B-00C04F79EFBC}") = "PlayerDraw", "PlayerDraw\PlayerDraw.csproj", "{2AC8A0C0-8E12-4E5F-B22F-43AD8A9FB145}"
EndProject
Global
	GlobalSection(SolutionConfigurationPlatforms) = preSolution
		Debug|Any CPU = Debug|Any CPU
		Release|Any CPU = Release|Any CPU
	EndGlobalSection
	GlobalSection(ProjectConfigurationPlatforms) = postSolution
		{2AC8A0C0-8E12-4E5F-B22F-43AD8A9FB145}.Debug|Any CPU.ActiveCfg = Debug|Any CPU
		{2AC8A0C0-8E12-4E5F-B22F-43AD8A9FB145}.Debug|Any CPU.Build.0 = Debug|Any CPU
		{2AC8A0C0-8E12-4E5F-B22F-43AD8A9FB145}.Release|Any CPU.ActiveCfg = Release|Any CPU
		{2AC8A0C0-8E12-4E5F-B22F-43AD8A9FB145}.Release|Any CPU.Build.0 = Release|Any CPU
	EndGlobalSection
	GlobalSection(SolutionProperties) = preSolution
		HideSolutionNode = FALSE
	EndGlobalSection
	GlobalSection(ExtensibilityGlobals) = postSolution
		SolutionGuid = {4D489E3C-8A1A-48A0-983C-9CDC2E9C5F9F}
	EndGlobalSection
EndGlobal
