
Microsoft Visual Studio Solution File, Format Version 12.00
# Visual Studio Version 17
VisualStudioVersion = 17.2.32630.192
MinimumVisualStudioVersion = 10.0.40219.1
Project("{FAE04EC0-301F-11D3-BF4B-00C04F79EFBC}") = "ArmyFighter", "ArmyFighter\ArmyFighter.csproj", "{8C4DE980-1A01-401C-B825-6103AA0B0469}"
EndProject
Global
	GlobalSection(SolutionConfigurationPlatforms) = preSolution
		Debug|Any CPU = Debug|Any CPU
		Release|Any CPU = Release|Any CPU
	EndGlobalSection
	GlobalSection(ProjectConfigurationPlatforms) = postSolution
		{8C4DE980-1A01-401C-B825-6103AA0B0469}.Debug|Any CPU.ActiveCfg = Debug|Any CPU
		{8C4DE980-1A01-401C-B825-6103AA0B0469}.Debug|Any CPU.Build.0 = Debug|Any CPU
		{8C4DE980-1A01-401C-B825-6103AA0B0469}.Release|Any CPU.ActiveCfg = Release|Any CPU
		{8C4DE980-1A01-401C-B825-6103AA0B0469}.Release|Any CPU.Build.0 = Release|Any CPU
	EndGlobalSection
	GlobalSection(SolutionProperties) = preSolution
		HideSolutionNode = FALSE
	EndGlobalSection
	GlobalSection(ExtensibilityGlobals) = postSolution
		SolutionGuid = {9D96C82A-1334-4A4E-81CD-8EF5B53676C3}
	EndGlobalSection
EndGlobal
