
Microsoft Visual Studio Solution File, Format Version 12.00
# Visual Studio Version 17
VisualStudioVersion = 17.2.32630.192
MinimumVisualStudioVersion = 10.0.40219.1
Project("{FAE04EC0-301F-11D3-BF4B-00C04F79EFBC}") = "GetNubersInRange", "GetNubersInRange\GetNubersInRange.csproj", "{CCF4B2C6-99CA-4C5F-B4E1-7A9D9C721EBE}"
EndProject
Global
	GlobalSection(SolutionConfigurationPlatforms) = preSolution
		Debug|Any CPU = Debug|Any CPU
		Release|Any CPU = Release|Any CPU
	EndGlobalSection
	GlobalSection(ProjectConfigurationPlatforms) = postSolution
		{CCF4B2C6-99CA-4C5F-B4E1-7A9D9C721EBE}.Debug|Any CPU.ActiveCfg = Debug|Any CPU
		{CCF4B2C6-99CA-4C5F-B4E1-7A9D9C721EBE}.Debug|Any CPU.Build.0 = Debug|Any CPU
		{CCF4B2C6-99CA-4C5F-B4E1-7A9D9C721EBE}.Release|Any CPU.ActiveCfg = Release|Any CPU
		{CCF4B2C6-99CA-4C5F-B4E1-7A9D9C721EBE}.Release|Any CPU.Build.0 = Release|Any CPU
	EndGlobalSection
	GlobalSection(SolutionProperties) = preSolution
		HideSolutionNode = FALSE
	EndGlobalSection
	GlobalSection(ExtensibilityGlobals) = postSolution
		SolutionGuid = {AE12F076-DE28-4973-B4AA-4E4902EAC4D2}
	EndGlobalSection
EndGlobal
