
Microsoft Visual Studio Solution File, Format Version 12.00
# Visual Studio Version 17
VisualStudioVersion = 17.2.32630.192
MinimumVisualStudioVersion = 10.0.40219.1
Project("{FAE04EC0-301F-11D3-BF4B-00C04F79EFBC}") = "FindLockalMaximum", "FindLockalMaximum\FindLockalMaximum.csproj", "{C9974394-130F-44E1-89AD-EADA28F0C08C}"
EndProject
Global
	GlobalSection(SolutionConfigurationPlatforms) = preSolution
		Debug|Any CPU = Debug|Any CPU
		Release|Any CPU = Release|Any CPU
	EndGlobalSection
	GlobalSection(ProjectConfigurationPlatforms) = postSolution
		{C9974394-130F-44E1-89AD-EADA28F0C08C}.Debug|Any CPU.ActiveCfg = Debug|Any CPU
		{C9974394-130F-44E1-89AD-EADA28F0C08C}.Debug|Any CPU.Build.0 = Debug|Any CPU
		{C9974394-130F-44E1-89AD-EADA28F0C08C}.Release|Any CPU.ActiveCfg = Release|Any CPU
		{C9974394-130F-44E1-89AD-EADA28F0C08C}.Release|Any CPU.Build.0 = Release|Any CPU
	EndGlobalSection
	GlobalSection(SolutionProperties) = preSolution
		HideSolutionNode = FALSE
	EndGlobalSection
	GlobalSection(ExtensibilityGlobals) = postSolution
		SolutionGuid = {C8AD688A-BD81-4427-8D48-B604923871CB}
	EndGlobalSection
EndGlobal
